
Microsoft Visual Studio Solution File, Format Version 12.00
# Visual Studio Version 17
VisualStudioVersion = 17.13.35931.197 d17.13
MinimumVisualStudioVersion = 10.0.40219.1
Project("{FAE04EC0-301F-11D3-BF4B-00C04F79EFBC}") = "Test10klasNikolaiHrusanov", "Test10klasNikolaiHrusanov\Test10klasNikolaiHrusanov.csproj", "{16025849-8BA0-480B-8AA7-5B982C6BD053}"
EndProject
Global
	GlobalSection(SolutionConfigurationPlatforms) = preSolution
		Debug|Any CPU = Debug|Any CPU
		Release|Any CPU = Release|Any CPU
	EndGlobalSection
	GlobalSection(ProjectConfigurationPlatforms) = postSolution
		{16025849-8BA0-480B-8AA7-5B982C6BD053}.Debug|Any CPU.ActiveCfg = Debug|Any CPU
		{16025849-8BA0-480B-8AA7-5B982C6BD053}.Debug|Any CPU.Build.0 = Debug|Any CPU
		{16025849-8BA0-480B-8AA7-5B982C6BD053}.Release|Any CPU.ActiveCfg = Release|Any CPU
		{16025849-8BA0-480B-8AA7-5B982C6BD053}.Release|Any CPU.Build.0 = Release|Any CPU
	EndGlobalSection
	GlobalSection(SolutionProperties) = preSolution
		HideSolutionNode = FALSE
	EndGlobalSection
	GlobalSection(ExtensibilityGlobals) = postSolution
		SolutionGuid = {576C8EFC-8513-4CC4-941A-A7E9B38ACA17}
	EndGlobalSection
EndGlobal
